dependencies:
  atanisoft/esp_lcd_touch_xpt2046:
    component_hash: 94c1d199922bc7468b5e14912ab0eb053a4a5a25680ce8a4ca2f4f18febbb01a
    source:
      service_url: https://api.components.espressif.com/
      type: service
    version: 1.0.5
  espressif/cmake_utilities:
    component_hash: 351350613ceafba240b761b4ea991e0f231ac7a9f59a9ee901f751bddc0bb18f
    source:
      service_url: https://api.components.espressif.com/
      type: service
    version: 0.5.3
  espressif/esp_lcd_ili9341:
    component_hash: c6b96c14fa22ab9b80251812f7dbd7dd1b255ccd68abb0cef97a276df711a4ec
    source:
      service_url: https://api.components.espressif.com/
      type: service
    version: 2.0.0
  espressif/esp_lcd_touch:
    component_hash: 779b4ba2464a3ae85681e4b860caa5fdc35801458c23f3039ee761bae7f442a4
    source:
      service_url: https://api.components.espressif.com/
      type: service
    version: 1.1.2
  espressif/esp_lvgl_port:
    component_hash: 41806031d90c91d50512d6f335f73978a1dd1aa1100ef5db40e189610be991ac
    source:
      service_url: https://api.components.espressif.com/
      type: service
    version: 2.4.3
  idf:
    component_hash: null
    source:
      type: idf
    version: 5.3.0
  lvgl/lvgl:
    component_hash: 096c69af22eaf8a2b721e3913da91918c5e6bf1a762a113ec01f401aa61337a0
    source:
      service_url: https://api.components.espressif.com/
      type: service
    version: 9.2.2
manifest_hash: 853fa640c61744b64324ccdd55632ec18a50cb992169c76f584ca73ca444ccaa
target: esp32
version: 1.0.0
